
Microsoft Visual Studio Solution File, Format Version 12.00
# Visual Studio 15
VisualStudioVersion = 15.0.26730.16
MinimumVisualStudioVersion = 10.0.40219.1
Project("{FAE04EC0-301F-11D3-BF4B-00C04F79EFBC}") = "SchoolBusTrackingApp", "SchoolBusTrackingApp\SchoolBusTrackingApp.csproj", "{0C75691D-CDBD-40A9-812D-7DDB0874565F}"
EndProject
Project("{FAE04EC0-301F-11D3-BF4B-00C04F79EFBC}") = "SchoolBusRepositoryLayer", "SchoolBusRepositoryLayer\SchoolBusRepositoryLayer.csproj", "{C4A033EF-C57A-4268-9BF6-C0063474F5FB}"
EndProject
Project("{FAE04EC0-301F-11D3-BF4B-00C04F79EFBC}") = "SchoolBusModels", "SchoolBusModels\SchoolBusModels.csproj", "{746985FB-1E38-4710-9F8D-03651AAC55B3}"
EndProject
Global
	GlobalSection(SolutionConfigurationPlatforms) = preSolution
		Debug|Any CPU = Debug|Any CPU
		Release|Any CPU = Release|Any CPU
	EndGlobalSection
	GlobalSection(ProjectConfigurationPlatforms) = postSolution
		{0C75691D-CDBD-40A9-812D-7DDB0874565F}.Debug|Any CPU.ActiveCfg = Debug|Any CPU
		{0C75691D-CDBD-40A9-812D-7DDB0874565F}.Debug|Any CPU.Build.0 = Debug|Any CPU
		{0C75691D-CDBD-40A9-812D-7DDB0874565F}.Release|Any CPU.ActiveCfg = Release|Any CPU
		{0C75691D-CDBD-40A9-812D-7DDB0874565F}.Release|Any CPU.Build.0 = Release|Any CPU
		{C4A033EF-C57A-4268-9BF6-C0063474F5FB}.Debug|Any CPU.ActiveCfg = Debug|Any CPU
		{C4A033EF-C57A-4268-9BF6-C0063474F5FB}.Debug|Any CPU.Build.0 = Debug|Any CPU
		{C4A033EF-C57A-4268-9BF6-C0063474F5FB}.Release|Any CPU.ActiveCfg = Release|Any CPU
		{C4A033EF-C57A-4268-9BF6-C0063474F5FB}.Release|Any CPU.Build.0 = Release|Any CPU
		{746985FB-1E38-4710-9F8D-03651AAC55B3}.Debug|Any CPU.ActiveCfg = Debug|Any CPU
		{746985FB-1E38-4710-9F8D-03651AAC55B3}.Debug|Any CPU.Build.0 = Debug|Any CPU
		{746985FB-1E38-4710-9F8D-03651AAC55B3}.Release|Any CPU.ActiveCfg = Release|Any CPU
		{746985FB-1E38-4710-9F8D-03651AAC55B3}.Release|Any CPU.Build.0 = Release|Any CPU
	EndGlobalSection
	GlobalSection(SolutionProperties) = preSolution
		HideSolutionNode = FALSE
	EndGlobalSection
	GlobalSection(ExtensibilityGlobals) = postSolution
		SolutionGuid = {8292FC06-7B1F-45D3-B246-EAC39A4F40C8}
	EndGlobalSection
EndGlobal
